// !$*UTF8*$!
{
	archiveVersion = 1;
	classes = {
	};
	objectVersion = 56;
	objects = {

/* Begin PBXBuildFile section */
		D3E5BC9429712168004781B6 /* searchableProjectApp.swift in Sources */ = {isa = PBXBuildFile; fileRef = D3E5BC9329712168004781B6 /* searchableProjectApp.swift */; };
		D3E5BC9629712168004781B6 /* ContentView.swift in Sources */ = {isa = PBXBuildFile; fileRef = D3E5BC9529712168004781B6 /* ContentView.swift */; };
		D3E5BC982971216A004781B6 /* Assets.xcassets in Resources */ = {isa = PBXBuildFile; fileRef = D3E5BC972971216A004781B6 /* Assets.xcassets */; };
		D3E5BC9B2971216A004781B6 /* Preview Assets.xcassets in Resources */ = {isa = PBXBuildFile; fileRef = D3E5BC9A2971216A004781B6 /* Preview Assets.xcassets */; };
		D3E5BCA52971216A004781B6 /* searchableProjectTests.swift in Sources */ = {isa = PBXBuildFile; fileRef = D3E5BCA42971216A004781B6 /* searchableProjectTests.swift */; };
		D3E5BCAF2971216A004781B6 /* searchableProjectUITests.swift in Sources */ = {isa = PBXBuildFile; fileRef = D3E5BCAE2971216A004781B6 /* searchableProjectUITests.swift */; };
		D3E5BCB12971216A004781B6 /* searchableProjectUITestsLaunchTests.swift in Sources */ = {isa = PBXBuildFile; fileRef = D3E5BCB02971216A004781B6 /* searchableProjectUITestsLaunchTests.swift */; };
/* End PBXBuildFile section */

/* Begin PBXContainerItemProxy section */
		D3E5BCA12971216A004781B6 /* PBXContainerItemProxy */ = {
			isa = PBXContainerItemProxy;
			containerPortal = D3E5BC8829712168004781B6 /* Project object */;
			proxyType = 1;
			remoteGlobalIDString = D3E5BC8F29712168004781B6;
			remoteInfo = searchableProject;
		};
		D3E5BCAB2971216A004781B6 /* PBXContainerItemProxy */ = {
			isa = PBXContainerItemProxy;
			containerPortal = D3E5BC8829712168004781B6 /* Project object */;
			proxyType = 1;
			remoteGlobalIDString = D3E5BC8F29712168004781B6;
			remoteInfo = searchableProject;
		};
/* End PBXContainerItemProxy section */

/* Begin PBXFileReference section */
		D3E5BC9029712168004781B6 /* searchableProject.app */ = {isa = PBXFileReference; explicitFileType = wrapper.application; includeInIndex = 0; path = searchableProject.app; sourceTree = BUILT_PRODUCTS_DIR; };
		D3E5BC9329712168004781B6 /* searchableProjectApp.swift */ = {isa = PBXFileReference; lastKnownFileType = sourcecode.swift; path = searchableProjectApp.swift; sourceTree = "<group>"; };
		D3E5BC9529712168004781B6 /* ContentView.swift */ = {isa = PBXFileReference; lastKnownFileType = sourcecode.swift; path = ContentView.swift; sourceTree = "<group>"; };
		D3E5BC972971216A004781B6 /* Assets.xcassets */ = {isa = PBXFileReference; lastKnownFileType = folder.assetcatalog; path = Assets.xcassets; sourceTree = "<group>"; };
		D3E5BC9A2971216A004781B6 /* Preview Assets.xcassets */ = {isa = PBXFileReference; lastKnownFileType = folder.assetcatalog; path = "Preview Assets.xcassets"; sourceTree = "<group>"; };
		D3E5BCA02971216A004781B6 /* searchableProjectTests.xctest */ = {isa = PBXFileReference; explicitFileType = wrapper.cfbundle; includeInIndex = 0; path = searchableProjectTests.xctest; sourceTree = BUILT_PRODUCTS_DIR; };
		D3E5BCA42971216A004781B6 /* searchableProjectTests.swift */ = {isa = PBXFileReference; lastKnownFileType = sourcecode.swift; path = searchableProjectTests.swift; sourceTree = "<group>"; };
		D3E5BCAA2971216A004781B6 /* searchableProjectUITests.xctest */ = {isa = PBXFileReference; explicitFileType = wrapper.cfbundle; includeInIndex = 0; path = searchableProjectUITests.xctest; sourceTree = BUILT_PRODUCTS_DIR; };
		D3E5BCAE2971216A004781B6 /* searchableProjectUITests.swift */ = {isa = PBXFileReference; lastKnownFileType = sourcecode.swift; path = searchableProjectUITests.swift; sourceTree = "<group>"; };
		D3E5BCB02971216A004781B6 /* searchableProjectUITestsLaunchTests.swift */ = {isa = PBXFileReference; lastKnownFileType = sourcecode.swift; path = searchableProjectUITestsLaunchTests.swift; sourceTree = "<group>"; };
/* End PBXFileReference section */

/* Begin PBXFrameworksBuildPhase section */
		D3E5BC8D29712168004781B6 /* Frameworks */ = {
			isa = PBXFrameworksBuildPhase;
			buildActionMask = 2147483647;
			files = (
			);
			runOnlyForDeploymentPostprocessing = 0;
		};
		D3E5BC9D2971216A004781B6 /* Frameworks */ = {
			isa = PBXFrameworksBuildPhase;
			buildActionMask = 2147483647;
			files = (
			);
			runOnlyForDeploymentPostprocessing = 0;
		};
		D3E5BCA72971216A004781B6 /* Frameworks */ = {
			isa = PBXFrameworksBuildPhase;
			buildActionMask = 2147483647;
			files = (
			);
			runOnlyForDeploymentPostprocessing = 0;
		};
/* End PBXFrameworksBuildPhase section */

/* Begin PBXGroup section */
		D3E5BC8729712168004781B6 = {
			isa = PBXGroup;
			children = (
				D3E5BC9229712168004781B6 /* searchableProject */,
				D3E5BCA32971216A004781B6 /* searchableProjectTests */,
				D3E5BCAD2971216A004781B6 /* searchableProjectUITests */,
				D3E5BC9129712168004781B6 /* Products */,
			);
			sourceTree = "<group>";
		};
		D3E5BC9129712168004781B6 /* Products */ = {
			isa = PBXGroup;
			children = (
				D3E5BC9029712168004781B6 /* searchableProject.app */,
				D3E5BCA02971216A004781B6 /* searchableProjectTests.xctest */,
				D3E5BCAA2971216A004781B6 /* searchableProjectUITests.xctest */,
			);
			name = Products;
			sourceTree = "<group>";
		};
		D3E5BC9229712168004781B6 /* searchableProject */ = {
			isa = PBXGroup;
			children = (
				D3E5BC9329712168004781B6 /* searchableProjectApp.swift */,
				D3E5BC9529712168004781B6 /* ContentView.swift */,
				D3E5BC972971216A004781B6 /* Assets.xcassets */,
				D3E5BC992971216A004781B6 /* Preview Content */,
			);
			path = searchableProject;
			sourceTree = "<group>";
		};
		D3E5BC992971216A004781B6 /* Preview Content */ = {
			isa = PBXGroup;
			children = (
				D3E5BC9A2971216A004781B6 /* Preview Assets.xcassets */,
			);
			path = "Preview Content";
			sourceTree = "<group>";
		};
		D3E5BCA32971216A004781B6 /* searchableProjectTests */ = {
			isa = PBXGroup;
			children = (
				D3E5BCA42971216A004781B6 /* searchableProjectTests.swift */,
			);
			path = searchableProjectTests;
			sourceTree = "<group>";
		};
		D3E5BCAD2971216A004781B6 /* searchableProjectUITests */ = {
			isa = PBXGroup;
			children = (
				D3E5BCAE2971216A004781B6 /* searchableProjectUITests.swift */,
				D3E5BCB02971216A004781B6 /* searchableProjectUITestsLaunchTests.swift */,
			);
			path = searchableProjectUITests;
			sourceTree = "<group>";
		};
/* End PBXGroup section */

/* Begin PBXNativeTarget section */
		D3E5BC8F29712168004781B6 /* searchableProject */ = {
			isa = PBXNativeTarget;
			buildConfigurationList = D3E5BCB42971216A004781B6 /* Build configuration list for PBXNativeTarget "searchableProject" */;
			buildPhases = (
				D3E5BC8C29712168004781B6 /* Sources */,
				D3E5BC8D29712168004781B6 /* Frameworks */,
				D3E5BC8E29712168004781B6 /* Resources */,
			);
			buildRules = (
			);
			dependencies = (
			);
			name = searchableProject;
			productName = searchableProject;
			productReference = D3E5BC9029712168004781B6 /* searchableProject.app */;
			productType = "com.apple.product-type.application";
		};
		D3E5BC9F2971216A004781B6 /* searchableProjectTests */ = {
			isa = PBXNativeTarget;
			buildConfigurationList = D3E5BCB72971216A004781B6 /* Build configuration list for PBXNativeTarget "searchableProjectTests" */;
			buildPhases = (
				D3E5BC9C2971216A004781B6 /* Sources */,
				D3E5BC9D2971216A004781B6 /* Frameworks */,
				D3E5BC9E2971216A004781B6 /* Resources */,
			);
			buildRules = (
			);
			dependencies = (
				D3E5BCA22971216A004781B6 /* PBXTargetDependency */,
			);
			name = searchableProjectTests;
			productName = searchableProjectTests;
			productReference = D3E5BCA02971216A004781B6 /* searchableProjectTests.xctest */;
			productType = "com.apple.product-type.bundle.unit-test";
		};
		D3E5BCA92971216A004781B6 /* searchableProjectUITests */ = {
			isa = PBXNativeTarget;
			buildConfigurationList = D3E5BCBA2971216A004781B6 /* Build configuration list for PBXNativeTarget "searchableProjectUITests" */;
			buildPhases = (
				D3E5BCA62971216A004781B6 /* Sources */,
				D3E5BCA72971216A004781B6 /* Frameworks */,
				D3E5BCA82971216A004781B6 /* Resources */,
			);
			buildRules = (
			);
			dependencies = (
				D3E5BCAC2971216A004781B6 /* PBXTargetDependency */,
			);
			name = searchableProjectUITests;
			productName = searchableProjectUITests;
			productReference = D3E5BCAA2971216A004781B6 /* searchableProjectUITests.xctest */;
			productType = "com.apple.product-type.bundle.ui-testing";
		};
/* End PBXNativeTarget section */

/* Begin PBXProject section */
		D3E5BC8829712168004781B6 /* Project object */ = {
			isa = PBXProject;
			attributes = {
				BuildIndependentTargetsInParallel = 1;
				LastSwiftUpdateCheck = 1420;
				LastUpgradeCheck = 1420;
				TargetAttributes = {
					D3E5BC8F29712168004781B6 = {
						CreatedOnToolsVersion = 14.2;
					};
					D3E5BC9F2971216A004781B6 = {
						CreatedOnToolsVersion = 14.2;
						TestTargetID = D3E5BC8F29712168004781B6;
					};
					D3E5BCA92971216A004781B6 = {
						CreatedOnToolsVersion = 14.2;
						TestTargetID = D3E5BC8F29712168004781B6;
					};
				};
			};
			buildConfigurationList = D3E5BC8B29712168004781B6 /* Build configuration list for PBXProject "searchableProject" */;
			compatibilityVersion = "Xcode 14.0";
			developmentRegion = en;
			hasScannedForEncodings = 0;
			knownRegions = (
				en,
				Base,
			);
			mainGroup = D3E5BC8729712168004781B6;
			productRefGroup = D3E5BC9129712168004781B6 /* Products */;
			projectDirPath = "";
			projectRoot = "";
			targets = (
				D3E5BC8F29712168004781B6 /* searchableProject */,
				D3E5BC9F2971216A004781B6 /* searchableProjectTests */,
				D3E5BCA92971216A004781B6 /* searchableProjectUITests */,
			);
		};
/* End PBXProject section */

/* Begin PBXResourcesBuildPhase section */
		D3E5BC8E29712168004781B6 /* Resources */ = {
			isa = PBXResourcesBuildPhase;
			buildActionMask = 2147483647;
			files = (
				D3E5BC9B2971216A004781B6 /* Preview Assets.xcassets in Resources */,
				D3E5BC982971216A004781B6 /* Assets.xcassets in Resources */,
			);
			runOnlyForDeploymentPostprocessing = 0;
		};
		D3E5BC9E2971216A004781B6 /* Resources */ = {
			isa = PBXResourcesBuildPhase;
			buildActionMask = 2147483647;
			files = (
			);
			runOnlyForDeploymentPostprocessing = 0;
		};
		D3E5BCA82971216A004781B6 /* Resources */ = {
			isa = PBXResourcesBuildPhase;
			buildActionMask = 2147483647;
			files = (
			);
			runOnlyForDeploymentPostprocessing = 0;
		};
/* End PBXResourcesBuildPhase section */

/* Begin PBXSourcesBuildPhase section */
		D3E5BC8C29712168004781B6 /* Sources */ = {
			isa = PBXSourcesBuildPhase;
			buildActionMask = 2147483647;
			files = (
				D3E5BC9629712168004781B6 /* ContentView.swift in Sources */,
				D3E5BC9429712168004781B6 /* searchableProjectApp.swift in Sources */,
			);
			runOnlyForDeploymentPostprocessing = 0;
		};
		D3E5BC9C2971216A004781B6 /* Sources */ = {
			isa = PBXSourcesBuildPhase;
			buildActionMask = 2147483647;
			files = (
				D3E5BCA52971216A004781B6 /* searchableProjectTests.swift in Sources */,
			);
			runOnlyForDeploymentPostprocessing = 0;
		};
		D3E5BCA62971216A004781B6 /* Sources */ = {
			isa = PBXSourcesBuildPhase;
			buildActionMask = 2147483647;
			files = (
				D3E5BCB12971216A004781B6 /* searchableProjectUITestsLaunchTests.swift in Sources */,
				D3E5BCAF2971216A004781B6 /* searchableProjectUITests.swift in Sources */,
			);
			runOnlyForDeploymentPostprocessing = 0;
		};
/* End PBXSourcesBuildPhase section */

/* Begin PBXTargetDependency section */
		D3E5BCA22971216A004781B6 /* PBXTargetDependency */ = {
			isa = PBXTargetDependency;
			target = D3E5BC8F29712168004781B6 /* searchableProject */;
			targetProxy = D3E5BCA12971216A004781B6 /* PBXContainerItemProxy */;
		};
		D3E5BCAC2971216A004781B6 /* PBXTargetDependency */ = {
			isa = PBXTargetDependency;
			target = D3E5BC8F29712168004781B6 /* searchableProject */;
			targetProxy = D3E5BCAB2971216A004781B6 /* PBXContainerItemProxy */;
		};
/* End PBXTargetDependency section */

/* Begin XCBuildConfiguration section */
		D3E5BCB22971216A004781B6 /* Debug */ = {
			isa = XCBuildConfiguration;
			buildSettings = {
				ALWAYS_SEARCH_USER_PATHS = NO;
				CLANG_ANALYZER_NONNULL = YES;
				CLANG_ANALYZER_NUMBER_OBJECT_CONVERSION = YES_AGGRESSIVE;
				CLANG_CXX_LANGUAGE_STANDARD = "gnu++20";
				CLANG_ENABLE_MODULES = YES;
				CLANG_ENABLE_OBJC_ARC = YES;
				CLANG_ENABLE_OBJC_WEAK = YES;
				CLANG_WARN_BLOCK_CAPTURE_AUTORELEASING = YES;
				CLANG_WARN_BOOL_CONVERSION = YES;
				CLANG_WARN_COMMA = YES;
				CLANG_WARN_CONSTANT_CONVERSION = YES;
				CLANG_WARN_DEPRECATED_OBJC_IMPLEMENTATIONS = YES;
				CLANG_WARN_DIRECT_OBJC_ISA_USAGE = YES_ERROR;
				CLANG_WARN_DOCUMENTATION_COMMENTS = YES;
				CLANG_WARN_EMPTY_BODY = YES;
				CLANG_WARN_ENUM_CONVERSION = YES;
				CLANG_WARN_INFINITE_RECURSION = YES;
				CLANG_WARN_INT_CONVERSION = YES;
				CLANG_WARN_NON_LITERAL_NULL_CONVERSION = YES;
				CLANG_WARN_OBJC_IMPLICIT_RETAIN_SELF = YES;
				CLANG_WARN_OBJC_LITERAL_CONVERSION = YES;
				CLANG_WARN_OBJC_ROOT_CLASS = YES_ERROR;
				CLANG_WARN_QUOTED_INCLUDE_IN_FRAMEWORK_HEADER = YES;
				CLANG_WARN_RANGE_LOOP_ANALYSIS = YES;
				CLANG_WARN_STRICT_PROTOTYPES = YES;
				CLANG_WARN_SUSPICIOUS_MOVE = YES;
				CLANG_WARN_UNGUARDED_AVAILABILITY = YES_AGGRESSIVE;
				CLANG_WARN_UNREACHABLE_CODE = YES;
				CLANG_WARN__DUPLICATE_METHOD_MATCH = YES;
				COPY_PHASE_STRIP = NO;
				DEBUG_INFORMATION_FORMAT = dwarf;
				ENABLE_STRICT_OBJC_MSGSEND = YES;
				ENABLE_TESTABILITY = YES;
				GCC_C_LANGUAGE_STANDARD = gnu11;
				GCC_DYNAMIC_NO_PIC = NO;
				GCC_NO_COMMON_BLOCKS = YES;
				GCC_OPTIMIZATION_LEVEL = 0;
				GCC_PREPROCESSOR_DEFINITIONS = (
					"DEBUG=1",
					"$(inherited)",
				);
				GCC_WARN_64_TO_32_BIT_CONVERSION = YES;
				GCC_WARN_ABOUT_RETURN_TYPE = YES_ERROR;
				GCC_WARN_UNDECLARED_SELECTOR = YES;
				GCC_WARN_UNINITIALIZED_AUTOS = YES_AGGRESSIVE;
				GCC_WARN_UNUSED_FUNCTION = YES;
				GCC_WARN_UNUSED_VARIABLE = YES;
				IPHONEOS_DEPLOYMENT_TARGET = 16.2;
				MTL_ENABLE_DEBUG_INFO = INCLUDE_SOURCE;
				MTL_FAST_MATH = YES;
				ONLY_ACTIVE_ARCH = YES;
				SDKROOT = iphoneos;
				SWIFT_ACTIVE_COMPILATION_CONDITIONS = DEBUG;
				SWIFT_OPTIMIZATION_LEVEL = "-Onone";
			};
			name = Debug;
		};
		D3E5BCB32971216A004781B6 /* Release */ = {
			isa = XCBuildConfiguration;
			buildSettings = {
				ALWAYS_SEARCH_USER_PATHS = NO;
				CLANG_ANALYZER_NONNULL = YES;
				CLANG_ANALYZER_NUMBER_OBJECT_CONVERSION = YES_AGGRESSIVE;
				CLANG_CXX_LANGUAGE_STANDARD = "gnu++20";
				CLANG_ENABLE_MODULES = YES;
				CLANG_ENABLE_OBJC_ARC = YES;
				CLANG_ENABLE_OBJC_WEAK = YES;
				CLANG_WARN_BLOCK_CAPTURE_AUTORELEASING = YES;
				CLANG_WARN_BOOL_CONVERSION = YES;
				CLANG_WARN_COMMA = YES;
				CLANG_WARN_CONSTANT_CONVERSION = YES;
				CLANG_WARN_DEPRECATED_OBJC_IMPLEMENTATIONS = YES;
				CLANG_WARN_DIRECT_OBJC_ISA_USAGE = YES_ERROR;
				CLANG_WARN_DOCUMENTATION_COMMENTS = YES;
				CLANG_WARN_EMPTY_BODY = YES;
				CLANG_WARN_ENUM_CONVERSION = YES;
				CLANG_WARN_INFINITE_RECURSION = YES;
				CLANG_WARN_INT_CONVERSION = YES;
				CLANG_WARN_NON_LITERAL_NULL_CONVERSION = YES;
				CLANG_WARN_OBJC_IMPLICIT_RETAIN_SELF = YES;
				CLANG_WARN_OBJC_LITERAL_CONVERSION = YES;
				CLANG_WARN_OBJC_ROOT_CLASS = YES_ERROR;
				CLANG_WARN_QUOTED_INCLUDE_IN_FRAMEWORK_HEADER = YES;
				CLANG_WARN_RANGE_LOOP_ANALYSIS = YES;
				CLANG_WARN_STRICT_PROTOTYPES = YES;
				CLANG_WARN_SUSPICIOUS_MOVE = YES;
				CLANG_WARN_UNGUARDED_AVAILABILITY = YES_AGGRESSIVE;
				CLANG_WARN_UNREACHABLE_CODE = YES;
				CLANG_WARN__DUPLICATE_METHOD_MATCH = YES;
				COPY_PHASE_STRIP = NO;
				DEBUG_INFORMATION_FORMAT = "dwarf-with-dsym";
				ENABLE_NS_ASSERTIONS = NO;
				ENABLE_STRICT_OBJC_MSGSEND = YES;
				GCC_C_LANGUAGE_STANDARD = gnu11;
				GCC_NO_COMMON_BLOCKS = YES;
				GCC_WARN_64_TO_32_BIT_CONVERSION = YES;
				GCC_WARN_ABOUT_RETURN_TYPE = YES_ERROR;
				GCC_WARN_UNDECLARED_SELECTOR = YES;
				GCC_WARN_UNINITIALIZED_AUTOS = YES_AGGRESSIVE;
				GCC_WARN_UNUSED_FUNCTION = YES;
				GCC_WARN_UNUSED_VARIABLE = YES;
				IPHONEOS_DEPLOYMENT_TARGET = 16.2;
				MTL_ENABLE_DEBUG_INFO = NO;
				MTL_FAST_MATH = YES;
				SDKROOT = iphoneos;
				SWIFT_COMPILATION_MODE = wholemodule;
				SWIFT_OPTIMIZATION_LEVEL = "-O";
				VALIDATE_PRODUCT = YES;
			};
			name = Release;
		};
		D3E5BCB52971216A004781B6 /* Debug */ = {
			isa = XCBuildConfiguration;
			buildSettings = {
				ASSETCATALOG_COMPILER_APPICON_NAME = AppIcon;
				ASSETCATALOG_COMPILER_GLOBAL_ACCENT_COLOR_NAME = AccentColor;
				CODE_SIGN_STYLE = Automatic;
				CURRENT_PROJECT_VERSION = 1;
				DEVELOPMENT_ASSET_PATHS = "\"searchableProject/Preview Content\"";
				DEVELOPMENT_TEAM = U496GYFZ39;
				ENABLE_PREVIEWS = YES;
				GENERATE_INFOPLIST_FILE = YES;
				INFOPLIST_KEY_UIApplicationSceneManifest_Generation = YES;
				INFOPLIST_KEY_UIApplicationSupportsIndirectInputEvents = YES;
				INFOPLIST_KEY_UILaunchScreen_Generation = YES;
				INFOPLIST_KEY_UISupportedInterfaceOrientations_iPad = "UIInterfaceOrientationPortrait UIInterfaceOrientationPortraitUpsideDown UIInterfaceOrientationLandscapeLeft UIInterfaceOrientationLandscapeRight";
				INFOPLIST_KEY_UISupportedInterfaceOrientations_iPhone = "UIInterfaceOrientationPortrait UIInterfaceOrientationLandscapeLeft UIInterfaceOrientationLandscapeRight";
				LD_RUNPATH_SEARCH_PATHS = (
					"$(inherited)",
					"@executable_path/Frameworks",
				);
				MARKETING_VERSION = 1.0;
				PRODUCT_BUNDLE_IDENTIFIER = com.tedtya.searchableProject;
				PRODUCT_NAME = "$(TARGET_NAME)";
				SWIFT_EMIT_LOC_STRINGS = YES;
				SWIFT_VERSION = 5.0;
				TARGETED_DEVICE_FAMILY = "1,2";
			};
			name = Debug;
		};
		D3E5BCB62971216A004781B6 /* Release */ = {
			isa = XCBuildConfiguration;
			buildSettings = {
				ASSETCATALOG_COMPILER_APPICON_NAME = AppIcon;
				ASSETCATALOG_COMPILER_GLOBAL_ACCENT_COLOR_NAME = AccentColor;
				CODE_SIGN_STYLE = Automatic;
				CURRENT_PROJECT_VERSION = 1;
				DEVELOPMENT_ASSET_PATHS = "\"searchableProject/Preview Content\"";
				DEVELOPMENT_TEAM = U496GYFZ39;
				ENABLE_PREVIEWS = YES;
				GENERATE_INFOPLIST_FILE = YES;
				INFOPLIST_KEY_UIApplicationSceneManifest_Generation = YES;
				INFOPLIST_KEY_UIApplicationSupportsIndirectInputEvents = YES;
				INFOPLIST_KEY_UILaunchScreen_Generation = YES;
				INFOPLIST_KEY_UISupportedInterfaceOrientations_iPad = "UIInterfaceOrientationPortrait UIInterfaceOrientationPortraitUpsideDown UIInterfaceOrientationLandscapeLeft UIInterfaceOrientationLandscapeRight";
				INFOPLIST_KEY_UISupportedInterfaceOrientations_iPhone = "UIInterfaceOrientationPortrait UIInterfaceOrientationLandscapeLeft UIInterfaceOrientationLandscapeRight";
				LD_RUNPATH_SEARCH_PATHS = (
					"$(inherited)",
					"@executable_path/Frameworks",
				);
				MARKETING_VERSION = 1.0;
				PRODUCT_BUNDLE_IDENTIFIER = com.tedtya.searchableProject;
				PRODUCT_NAME = "$(TARGET_NAME)";
				SWIFT_EMIT_LOC_STRINGS = YES;
				SWIFT_VERSION = 5.0;
				TARGETED_DEVICE_FAMILY = "1,2";
			};
			name = Release;
		};
		D3E5BCB82971216A004781B6 /* Debug */ = {
			isa = XCBuildConfiguration;
			buildSettings = {
				ALWAYS_EMBED_SWIFT_STANDARD_LIBRARIES = YES;
				BUNDLE_LOADER = "$(TEST_HOST)";
				CODE_SIGN_STYLE = Automatic;
				CURRENT_PROJECT_VERSION = 1;
				DEVELOPMENT_TEAM = U496GYFZ39;
				GENERATE_INFOPLIST_FILE = YES;
				IPHONEOS_DEPLOYMENT_TARGET = 16.2;
				MARKETING_VERSION = 1.0;
				PRODUCT_BUNDLE_IDENTIFIER = com.tedtya.searchableProjectTests;
				PRODUCT_NAME = "$(TARGET_NAME)";
				SWIFT_EMIT_LOC_STRINGS = NO;
				SWIFT_VERSION = 5.0;
				TARGETED_DEVICE_FAMILY = "1,2";
				TEST_HOST = "$(BUILT_PRODUCTS_DIR)/searchableProject.app/$(BUNDLE_EXECUTABLE_FOLDER_PATH)/searchableProject";
			};
			name = Debug;
		};
		D3E5BCB92971216A004781B6 /* Release */ = {
			isa = XCBuildConfiguration;
			buildSettings = {
				ALWAYS_EMBED_SWIFT_STANDARD_LIBRARIES = YES;
				BUNDLE_LOADER = "$(TEST_HOST)";
				CODE_SIGN_STYLE = Automatic;
				CURRENT_PROJECT_VERSION = 1;
				DEVELOPMENT_TEAM = U496GYFZ39;
				GENERATE_INFOPLIST_FILE = YES;
				IPHONEOS_DEPLOYMENT_TARGET = 16.2;
				MARKETING_VERSION = 1.0;
				PRODUCT_BUNDLE_IDENTIFIER = com.tedtya.searchableProjectTests;
				PRODUCT_NAME = "$(TARGET_NAME)";
				SWIFT_EMIT_LOC_STRINGS = NO;
				SWIFT_VERSION = 5.0;
				TARGETED_DEVICE_FAMILY = "1,2";
				TEST_HOST = "$(BUILT_PRODUCTS_DIR)/searchableProject.app/$(BUNDLE_EXECUTABLE_FOLDER_PATH)/searchableProject";
			};
			name = Release;
		};
		D3E5BCBB2971216A004781B6 /* Debug */ = {
			isa = XCBuildConfiguration;
			buildSettings = {
				ALWAYS_EMBED_SWIFT_STANDARD_LIBRARIES = YES;
				CODE_SIGN_STYLE = Automatic;
				CURRENT_PROJECT_VERSION = 1;
				DEVELOPMENT_TEAM = U496GYFZ39;
				GENERATE_INFOPLIST_FILE = YES;
				MARKETING_VERSION = 1.0;
				PRODUCT_BUNDLE_IDENTIFIER = com.tedtya.searchableProjectUITests;
				PRODUCT_NAME = "$(TARGET_NAME)";
				SWIFT_EMIT_LOC_STRINGS = NO;
				SWIFT_VERSION = 5.0;
				TARGETED_DEVICE_FAMILY = "1,2";
				TEST_TARGET_NAME = searchableProject;
			};
			name = Debug;
		};
		D3E5BCBC2971216A004781B6 /* Release */ = {
			isa = XCBuildConfiguration;
			buildSettings = {
				ALWAYS_EMBED_SWIFT_STANDARD_LIBRARIES = YES;
				CODE_SIGN_STYLE = Automatic;
				CURRENT_PROJECT_VERSION = 1;
				DEVELOPMENT_TEAM = U496GYFZ39;
				GENERATE_INFOPLIST_FILE = YES;
				MARKETING_VERSION = 1.0;
				PRODUCT_BUNDLE_IDENTIFIER = com.tedtya.searchableProjectUITests;
				PRODUCT_NAME = "$(TARGET_NAME)";
				SWIFT_EMIT_LOC_STRINGS = NO;
				SWIFT_VERSION = 5.0;
				TARGETED_DEVICE_FAMILY = "1,2";
				TEST_TARGET_NAME = searchableProject;
			};
			name = Release;
		};
/* End XCBuildConfiguration section */

/* Begin XCConfigurationList section */
		D3E5BC8B29712168004781B6 /* Build configuration list for PBXProject "searchableProject" */ = {
			isa = XCConfigurationList;
			buildConfigurations = (
				D3E5BCB22971216A004781B6 /* Debug */,
				D3E5BCB32971216A004781B6 /* Release */,
			);
			defaultConfigurationIsVisible = 0;
			defaultConfigurationName = Release;
		};
		D3E5BCB42971216A004781B6 /* Build configuration list for PBXNativeTarget "searchableProject" */ = {
			isa = XCConfigurationList;
			buildConfigurations = (
				D3E5BCB52971216A004781B6 /* Debug */,
				D3E5BCB62971216A004781B6 /* Release */,
			);
			defaultConfigurationIsVisible = 0;
			defaultConfigurationName = Release;
		};
		D3E5BCB72971216A004781B6 /* Build configuration list for PBXNativeTarget "searchableProjectTests" */ = {
			isa = XCConfigurationList;
			buildConfigurations = (
				D3E5BCB82971216A004781B6 /* Debug */,
				D3E5BCB92971216A004781B6 /* Release */,
			);
			defaultConfigurationIsVisible = 0;
			defaultConfigurationName = Release;
		};
		D3E5BCBA2971216A004781B6 /* Build configuration list for PBXNativeTarget "searchableProjectUITests" */ = {
			isa = XCConfigurationList;
			buildConfigurations = (
				D3E5BCBB2971216A004781B6 /* Debug */,
				D3E5BCBC2971216A004781B6 /* Release */,
			);
			defaultConfigurationIsVisible = 0;
			defaultConfigurationName = Release;
		};
/* End XCConfigurationList section */
	};
	rootObject = D3E5BC8829712168004781B6 /* Project object */;
}
